// !$*UTF8*$!
{
	archiveVersion = 1;
	classes = {
	};
	objectVersion = 56;
	objects = {

/* Begin PBXBuildFile section */
		3987418C2A00F63F0055F4DD /* LandmarksApp.swift in Sources */ = {isa = PBXBuildFile; fileRef = 3987418B2A00F63F0055F4DD /* LandmarksApp.swift */; };
		3987418E2A00F63F0055F4DD /* ContentView.swift in Sources */ = {isa = PBXBuildFile; fileRef = 3987418D2A00F63F0055F4DD /* ContentView.swift */; };
		398741902A00F6410055F4DD /* Assets.xcassets in Resources */ = {isa = PBXBuildFile; fileRef = 3987418F2A00F6410055F4DD /* Assets.xcassets */; };
		398741932A00F6410055F4DD /* Preview Assets.xcassets in Resources */ = {isa = PBXBuildFile; fileRef = 398741922A00F6410055F4DD /* Preview Assets.xcassets */; };
		3987419D2A00F6410055F4DD /* LandmarksTests.swift in Sources */ = {isa = PBXBuildFile; fileRef = 3987419C2A00F6410055F4DD /* LandmarksTests.swift */; };
		398741A72A00F6410055F4DD /* LandmarksUITests.swift in Sources */ = {isa = PBXBuildFile; fileRef = 398741A62A00F6410055F4DD /* LandmarksUITests.swift */; };
		398741A92A00F6410055F4DD /* LandmarksUITestsLaunchTests.swift in Sources */ = {isa = PBXBuildFile; fileRef = 398741A82A00F6410055F4DD /* LandmarksUITestsLaunchTests.swift */; };
		398741B62A0100FF0055F4DD /* CircleImage.swift in Sources */ = {isa = PBXBuildFile; fileRef = 398741B52A0100FF0055F4DD /* CircleImage.swift */; };
		398741B82A0103F20055F4DD /* MapView.swift in Sources */ = {isa = PBXBuildFile; fileRef = 398741B72A0103F20055F4DD /* MapView.swift */; };
		39D879212A08894C0043304F /* landmarkData.json in Resources */ = {isa = PBXBuildFile; fileRef = 39D879202A08894C0043304F /* landmarkData.json */; };
		39D879232A088A4D0043304F /* Landmark.swift in Sources */ = {isa = PBXBuildFile; fileRef = 39D879222A088A4D0043304F /* Landmark.swift */; };
		39D879252A088EE70043304F /* Modeldata.swift in Sources */ = {isa = PBXBuildFile; fileRef = 39D879242A088EE70043304F /* Modeldata.swift */; };
		39D8792A2A0891D90043304F /* LandmarkRow.swift in Sources */ = {isa = PBXBuildFile; fileRef = 39D879292A0891D90043304F /* LandmarkRow.swift */; };
		39D8792C2A08B29B0043304F /* LandmarkList.swift in Sources */ = {isa = PBXBuildFile; fileRef = 39D8792B2A08B29B0043304F /* LandmarkList.swift */; };
		39D8792E2A08B8DF0043304F /* LandmarkDetail.swift in Sources */ = {isa = PBXBuildFile; fileRef = 39D8792D2A08B8DF0043304F /* LandmarkDetail.swift */; };
		39D879302A08CD470043304F /* FavoriteButton.swift in Sources */ = {isa = PBXBuildFile; fileRef = 39D8792F2A08CD470043304F /* FavoriteButton.swift */; };
/* End PBXBuildFile section */

/* Begin PBXContainerItemProxy section */
		398741992A00F6410055F4DD /* PBXContainerItemProxy */ = {
			isa = PBXContainerItemProxy;
			containerPortal = 398741802A00F63F0055F4DD /* Project object */;
			proxyType = 1;
			remoteGlobalIDString = 398741872A00F63F0055F4DD;
			remoteInfo = Landmarks;
		};
		398741A32A00F6410055F4DD /* PBXContainerItemProxy */ = {
			isa = PBXContainerItemProxy;
			containerPortal = 398741802A00F63F0055F4DD /* Project object */;
			proxyType = 1;
			remoteGlobalIDString = 398741872A00F63F0055F4DD;
			remoteInfo = Landmarks;
		};
/* End PBXContainerItemProxy section */

/* Begin PBXFileReference section */
		398741882A00F63F0055F4DD /* Landmarks.app */ = {isa = PBXFileReference; explicitFileType = wrapper.application; includeInIndex = 0; path = Landmarks.app; sourceTree = BUILT_PRODUCTS_DIR; };
		3987418B2A00F63F0055F4DD /* LandmarksApp.swift */ = {isa = PBXFileReference; lastKnownFileType = sourcecode.swift; path = LandmarksApp.swift; sourceTree = "<group>"; };
		3987418D2A00F63F0055F4DD /* ContentView.swift */ = {isa = PBXFileReference; lastKnownFileType = sourcecode.swift; path = ContentView.swift; sourceTree = "<group>"; };
		3987418F2A00F6410055F4DD /* Assets.xcassets */ = {isa = PBXFileReference; lastKnownFileType = folder.assetcatalog; path = Assets.xcassets; sourceTree = "<group>"; };
		398741922A00F6410055F4DD /* Preview Assets.xcassets */ = {isa = PBXFileReference; lastKnownFileType = folder.assetcatalog; path = "Preview Assets.xcassets"; sourceTree = "<group>"; };
		398741982A00F6410055F4DD /* LandmarksTests.xctest */ = {isa = PBXFileReference; explicitFileType = wrapper.cfbundle; includeInIndex = 0; path = LandmarksTests.xctest; sourceTree = BUILT_PRODUCTS_DIR; };
		3987419C2A00F6410055F4DD /* LandmarksTests.swift */ = {isa = PBXFileReference; lastKnownFileType = sourcecode.swift; path = LandmarksTests.swift; sourceTree = "<group>"; };
		398741A22A00F6410055F4DD /* LandmarksUITests.xctest */ = {isa = PBXFileReference; explicitFileType = wrapper.cfbundle; includeInIndex = 0; path = LandmarksUITests.xctest; sourceTree = BUILT_PRODUCTS_DIR; };
		398741A62A00F6410055F4DD /* LandmarksUITests.swift */ = {isa = PBXFileReference; lastKnownFileType = sourcecode.swift; path = LandmarksUITests.swift; sourceTree = "<group>"; };
		398741A82A00F6410055F4DD /* LandmarksUITestsLaunchTests.swift */ = {isa = PBXFileReference; lastKnownFileType = sourcecode.swift; path = LandmarksUITestsLaunchTests.swift; sourceTree = "<group>"; };
		398741B52A0100FF0055F4DD /* CircleImage.swift */ = {isa = PBXFileReference; lastKnownFileType = sourcecode.swift; path = CircleImage.swift; sourceTree = "<group>"; };
		398741B72A0103F20055F4DD /* MapView.swift */ = {isa = PBXFileReference; lastKnownFileType = sourcecode.swift; path = MapView.swift; sourceTree = "<group>"; };
		39D879202A08894C0043304F /* landmarkData.json */ = {isa = PBXFileReference; fileEncoding = 4; lastKnownFileType = text.json; path = landmarkData.json; sourceTree = "<group>"; };
		39D879222A088A4D0043304F /* Landmark.swift */ = {isa = PBXFileReference; lastKnownFileType = sourcecode.swift; path = Landmark.swift; sourceTree = "<group>"; };
		39D879242A088EE70043304F /* Modeldata.swift */ = {isa = PBXFileReference; lastKnownFileType = sourcecode.swift; path = Modeldata.swift; sourceTree = "<group>"; };
		39D879292A0891D90043304F /* LandmarkRow.swift */ = {isa = PBXFileReference; lastKnownFileType = sourcecode.swift; path = LandmarkRow.swift; sourceTree = "<group>"; };
		39D8792B2A08B29B0043304F /* LandmarkList.swift */ = {isa = PBXFileReference; lastKnownFileType = sourcecode.swift; path = LandmarkList.swift; sourceTree = "<group>"; };
		39D8792D2A08B8DF0043304F /* LandmarkDetail.swift */ = {isa = PBXFileReference; lastKnownFileType = sourcecode.swift; path = LandmarkDetail.swift; sourceTree = "<group>"; };
		39D8792F2A08CD470043304F /* FavoriteButton.swift */ = {isa = PBXFileReference; lastKnownFileType = sourcecode.swift; path = FavoriteButton.swift; sourceTree = "<group>"; };
/* End PBXFileReference section */

/* Begin PBXFrameworksBuildPhase section */
		398741852A00F63F0055F4DD /* Frameworks */ = {
			isa = PBXFrameworksBuildPhase;
			buildActionMask = 2147483647;
			files = (
			);
			runOnlyForDeploymentPostprocessing = 0;
		};
		398741952A00F6410055F4DD /* Frameworks */ = {
			isa = PBXFrameworksBuildPhase;
			buildActionMask = 2147483647;
			files = (
			);
			runOnlyForDeploymentPostprocessing = 0;
		};
		3987419F2A00F6410055F4DD /* Frameworks */ = {
			isa = PBXFrameworksBuildPhase;
			buildActionMask = 2147483647;
			files = (
			);
			runOnlyForDeploymentPostprocessing = 0;
		};
/* End PBXFrameworksBuildPhase section */

/* Begin PBXGroup section */
		3987417F2A00F63F0055F4DD = {
			isa = PBXGroup;
			children = (
				3987418A2A00F63F0055F4DD /* Landmarks */,
				3987419B2A00F6410055F4DD /* LandmarksTests */,
				398741A52A00F6410055F4DD /* LandmarksUITests */,
				398741892A00F63F0055F4DD /* Products */,
			);
			sourceTree = "<group>";
		};
		398741892A00F63F0055F4DD /* Products */ = {
			isa = PBXGroup;
			children = (
				398741882A00F63F0055F4DD /* Landmarks.app */,
				398741982A00F6410055F4DD /* LandmarksTests.xctest */,
				398741A22A00F6410055F4DD /* LandmarksUITests.xctest */,
			);
			name = Products;
			sourceTree = "<group>";
		};
		3987418A2A00F63F0055F4DD /* Landmarks */ = {
			isa = PBXGroup;
			children = (
				39D879282A08905C0043304F /* Resources */,
				39D879272A0890430043304F /* Model */,
				39D879262A0890300043304F /* Views */,
				3987418B2A00F63F0055F4DD /* LandmarksApp.swift */,
				3987418F2A00F6410055F4DD /* Assets.xcassets */,
				398741912A00F6410055F4DD /* Preview Content */,
			);
			path = Landmarks;
			sourceTree = "<group>";
		};
		398741912A00F6410055F4DD /* Preview Content */ = {
			isa = PBXGroup;
			children = (
				398741922A00F6410055F4DD /* Preview Assets.xcassets */,
			);
			path = "Preview Content";
			sourceTree = "<group>";
		};
		3987419B2A00F6410055F4DD /* LandmarksTests */ = {
			isa = PBXGroup;
			children = (
				3987419C2A00F6410055F4DD /* LandmarksTests.swift */,
			);
			path = LandmarksTests;
			sourceTree = "<group>";
		};
		398741A52A00F6410055F4DD /* LandmarksUITests */ = {
			isa = PBXGroup;
			children = (
				398741A62A00F6410055F4DD /* LandmarksUITests.swift */,
				398741A82A00F6410055F4DD /* LandmarksUITestsLaunchTests.swift */,
			);
			path = LandmarksUITests;
			sourceTree = "<group>";
		};
		39D879262A0890300043304F /* Views */ = {
			isa = PBXGroup;
			children = (
				39D879322A08CDF40043304F /* Helpers */,
				39D879312A08CDE10043304F /* Landmarks */,
				3987418D2A00F63F0055F4DD /* ContentView.swift */,
			);
			path = Views;
			sourceTree = "<group>";
		};
		39D879272A0890430043304F /* Model */ = {
			isa = PBXGroup;
			children = (
				39D879222A088A4D0043304F /* Landmark.swift */,
				39D879242A088EE70043304F /* Modeldata.swift */,
			);
			path = Model;
			sourceTree = "<group>";
		};
		39D879282A08905C0043304F /* Resources */ = {
			isa = PBXGroup;
			children = (
				39D879202A08894C0043304F /* landmarkData.json */,
			);
			path = Resources;
			sourceTree = "<group>";
		};
		39D879312A08CDE10043304F /* Landmarks */ = {
			isa = PBXGroup;
			children = (
				39D879292A0891D90043304F /* LandmarkRow.swift */,
				39D8792B2A08B29B0043304F /* LandmarkList.swift */,
				39D8792D2A08B8DF0043304F /* LandmarkDetail.swift */,
			);
			path = Landmarks;
			sourceTree = "<group>";
		};
		39D879322A08CDF40043304F /* Helpers */ = {
			isa = PBXGroup;
			children = (
				398741B52A0100FF0055F4DD /* CircleImage.swift */,
				398741B72A0103F20055F4DD /* MapView.swift */,
				39D8792F2A08CD470043304F /* FavoriteButton.swift */,
			);
			path = Helpers;
			sourceTree = "<group>";
		};
/* End PBXGroup section */

/* Begin PBXNativeTarget section */
		398741872A00F63F0055F4DD /* Landmarks */ = {
			isa = PBXNativeTarget;
			buildConfigurationList = 398741AC2A00F6410055F4DD /* Build configuration list for PBXNativeTarget "Landmarks" */;
			buildPhases = (
				398741842A00F63F0055F4DD /* Sources */,
				398741852A00F63F0055F4DD /* Frameworks */,
				398741862A00F63F0055F4DD /* Resources */,
			);
			buildRules = (
			);
			dependencies = (
			);
			name = Landmarks;
			productName = Landmarks;
			productReference = 398741882A00F63F0055F4DD /* Landmarks.app */;
			productType = "com.apple.product-type.application";
		};
		398741972A00F6410055F4DD /* LandmarksTests */ = {
			isa = PBXNativeTarget;
			buildConfigurationList = 398741AF2A00F6410055F4DD /* Build configuration list for PBXNativeTarget "LandmarksTests" */;
			buildPhases = (
				398741942A00F6410055F4DD /* Sources */,
				398741952A00F6410055F4DD /* Frameworks */,
				398741962A00F6410055F4DD /* Resources */,
			);
			buildRules = (
			);
			dependencies = (
				3987419A2A00F6410055F4DD /* PBXTargetDependency */,
			);
			name = LandmarksTests;
			productName = LandmarksTests;
			productReference = 398741982A00F6410055F4DD /* LandmarksTests.xctest */;
			productType = "com.apple.product-type.bundle.unit-test";
		};
		398741A12A00F6410055F4DD /* LandmarksUITests */ = {
			isa = PBXNativeTarget;
			buildConfigurationList = 398741B22A00F6410055F4DD /* Build configuration list for PBXNativeTarget "LandmarksUITests" */;
			buildPhases = (
				3987419E2A00F6410055F4DD /* Sources */,
				3987419F2A00F6410055F4DD /* Frameworks */,
				398741A02A00F6410055F4DD /* Resources */,
			);
			buildRules = (
			);
			dependencies = (
				398741A42A00F6410055F4DD /* PBXTargetDependency */,
			);
			name = LandmarksUITests;
			productName = LandmarksUITests;
			productReference = 398741A22A00F6410055F4DD /* LandmarksUITests.xctest */;
			productType = "com.apple.product-type.bundle.ui-testing";
		};
/* End PBXNativeTarget section */

/* Begin PBXProject section */
		398741802A00F63F0055F4DD /* Project object */ = {
			isa = PBXProject;
			attributes = {
				BuildIndependentTargetsInParallel = 1;
				LastSwiftUpdateCheck = 1430;
				LastUpgradeCheck = 1430;
				TargetAttributes = {
					398741872A00F63F0055F4DD = {
						CreatedOnToolsVersion = 14.3;
					};
					398741972A00F6410055F4DD = {
						CreatedOnToolsVersion = 14.3;
						TestTargetID = 398741872A00F63F0055F4DD;
					};
					398741A12A00F6410055F4DD = {
						CreatedOnToolsVersion = 14.3;
						TestTargetID = 398741872A00F63F0055F4DD;
					};
				};
			};
			buildConfigurationList = 398741832A00F63F0055F4DD /* Build configuration list for PBXProject "Landmarks" */;
			compatibilityVersion = "Xcode 14.0";
			developmentRegion = en;
			hasScannedForEncodings = 0;
			knownRegions = (
				en,
				Base,
			);
			mainGroup = 3987417F2A00F63F0055F4DD;
			productRefGroup = 398741892A00F63F0055F4DD /* Products */;
			projectDirPath = "";
			projectRoot = "";
			targets = (
				398741872A00F63F0055F4DD /* Landmarks */,
				398741972A00F6410055F4DD /* LandmarksTests */,
				398741A12A00F6410055F4DD /* LandmarksUITests */,
			);
		};
/* End PBXProject section */

/* Begin PBXResourcesBuildPhase section */
		398741862A00F63F0055F4DD /* Resources */ = {
			isa = PBXResourcesBuildPhase;
			buildActionMask = 2147483647;
			files = (
				398741932A00F6410055F4DD /* Preview Assets.xcassets in Resources */,
				398741902A00F6410055F4DD /* Assets.xcassets in Resources */,
				39D879212A08894C0043304F /* landmarkData.json in Resources */,
			);
			runOnlyForDeploymentPostprocessing = 0;
		};
		398741962A00F6410055F4DD /* Resources */ = {
			isa = PBXResourcesBuildPhase;
			buildActionMask = 2147483647;
			files = (
			);
			runOnlyForDeploymentPostprocessing = 0;
		};
		398741A02A00F6410055F4DD /* Resources */ = {
			isa = PBXResourcesBuildPhase;
			buildActionMask = 2147483647;
			files = (
			);
			runOnlyForDeploymentPostprocessing = 0;
		};
/* End PBXResourcesBuildPhase section */

/* Begin PBXSourcesBuildPhase section */
		398741842A00F63F0055F4DD /* Sources */ = {
			isa = PBXSourcesBuildPhase;
			buildActionMask = 2147483647;
			files = (
				3987418E2A00F63F0055F4DD /* ContentView.swift in Sources */,
				398741B82A0103F20055F4DD /* MapView.swift in Sources */,
				3987418C2A00F63F0055F4DD /* LandmarksApp.swift in Sources */,
				39D879302A08CD470043304F /* FavoriteButton.swift in Sources */,
				39D8792C2A08B29B0043304F /* LandmarkList.swift in Sources */,
				39D8792E2A08B8DF0043304F /* LandmarkDetail.swift in Sources */,
				398741B62A0100FF0055F4DD /* CircleImage.swift in Sources */,
				39D879232A088A4D0043304F /* Landmark.swift in Sources */,
				39D8792A2A0891D90043304F /* LandmarkRow.swift in Sources */,
				39D879252A088EE70043304F /* Modeldata.swift in Sources */,
			);
			runOnlyForDeploymentPostprocessing = 0;
		};
		398741942A00F6410055F4DD /* Sources */ = {
			isa = PBXSourcesBuildPhase;
			buildActionMask = 2147483647;
			files = (
				3987419D2A00F6410055F4DD /* LandmarksTests.swift in Sources */,
			);
			runOnlyForDeploymentPostprocessing = 0;
		};
		3987419E2A00F6410055F4DD /* Sources */ = {
			isa = PBXSourcesBuildPhase;
			buildActionMask = 2147483647;
			files = (
				398741A92A00F6410055F4DD /* LandmarksUITestsLaunchTests.swift in Sources */,
				398741A72A00F6410055F4DD /* LandmarksUITests.swift in Sources */,
			);
			runOnlyForDeploymentPostprocessing = 0;
		};
/* End PBXSourcesBuildPhase section */

/* Begin PBXTargetDependency section */
		3987419A2A00F6410055F4DD /* PBXTargetDependency */ = {
			isa = PBXTargetDependency;
			target = 398741872A00F63F0055F4DD /* Landmarks */;
			targetProxy = 398741992A00F6410055F4DD /* PBXContainerItemProxy */;
		};
		398741A42A00F6410055F4DD /* PBXTargetDependency */ = {
			isa = PBXTargetDependency;
			target = 398741872A00F63F0055F4DD /* Landmarks */;
			targetProxy = 398741A32A00F6410055F4DD /* PBXContainerItemProxy */;
		};
/* End PBXTargetDependency section */

/* Begin XCBuildConfiguration section */
		398741AA2A00F6410055F4DD /* Debug */ = {
			isa = XCBuildConfiguration;
			buildSettings = {
				ALWAYS_SEARCH_USER_PATHS = NO;
				CLANG_ANALYZER_NONNULL = YES;
				CLANG_ANALYZER_NUMBER_OBJECT_CONVERSION = YES_AGGRESSIVE;
				CLANG_CXX_LANGUAGE_STANDARD = "gnu++20";
				CLANG_ENABLE_MODULES = YES;
				CLANG_ENABLE_OBJC_ARC = YES;
				CLANG_ENABLE_OBJC_WEAK = YES;
				CLANG_WARN_BLOCK_CAPTURE_AUTORELEASING = YES;
				CLANG_WARN_BOOL_CONVERSION = YES;
				CLANG_WARN_COMMA = YES;
				CLANG_WARN_CONSTANT_CONVERSION = YES;
				CLANG_WARN_DEPRECATED_OBJC_IMPLEMENTATIONS = YES;
				CLANG_WARN_DIRECT_OBJC_ISA_USAGE = YES_ERROR;
				CLANG_WARN_DOCUMENTATION_COMMENTS = YES;
				CLANG_WARN_EMPTY_BODY = YES;
				CLANG_WARN_ENUM_CONVERSION = YES;
				CLANG_WARN_INFINITE_RECURSION = YES;
				CLANG_WARN_INT_CONVERSION = YES;
				CLANG_WARN_NON_LITERAL_NULL_CONVERSION = YES;
				CLANG_WARN_OBJC_IMPLICIT_RETAIN_SELF = YES;
				CLANG_WARN_OBJC_LITERAL_CONVERSION = YES;
				CLANG_WARN_OBJC_ROOT_CLASS = YES_ERROR;
				CLANG_WARN_QUOTED_INCLUDE_IN_FRAMEWORK_HEADER = YES;
				CLANG_WARN_RANGE_LOOP_ANALYSIS = YES;
				CLANG_WARN_STRICT_PROTOTYPES = YES;
				CLANG_WARN_SUSPICIOUS_MOVE = YES;
				CLANG_WARN_UNGUARDED_AVAILABILITY = YES_AGGRESSIVE;
				CLANG_WARN_UNREACHABLE_CODE = YES;
				CLANG_WARN__DUPLICATE_METHOD_MATCH = YES;
				COPY_PHASE_STRIP = NO;
				DEBUG_INFORMATION_FORMAT = dwarf;
				ENABLE_STRICT_OBJC_MSGSEND = YES;
				ENABLE_TESTABILITY = YES;
				GCC_C_LANGUAGE_STANDARD = gnu11;
				GCC_DYNAMIC_NO_PIC = NO;
				GCC_NO_COMMON_BLOCKS = YES;
				GCC_OPTIMIZATION_LEVEL = 0;
				GCC_PREPROCESSOR_DEFINITIONS = (
					"DEBUG=1",
					"$(inherited)",
				);
				GCC_WARN_64_TO_32_BIT_CONVERSION = YES;
				GCC_WARN_ABOUT_RETURN_TYPE = YES_ERROR;
				GCC_WARN_UNDECLARED_SELECTOR = YES;
				GCC_WARN_UNINITIALIZED_AUTOS = YES_AGGRESSIVE;
				GCC_WARN_UNUSED_FUNCTION = YES;
				GCC_WARN_UNUSED_VARIABLE = YES;
				IPHONEOS_DEPLOYMENT_TARGET = 16.4;
				MTL_ENABLE_DEBUG_INFO = INCLUDE_SOURCE;
				MTL_FAST_MATH = YES;
				ONLY_ACTIVE_ARCH = YES;
				SDKROOT = iphoneos;
				SWIFT_ACTIVE_COMPILATION_CONDITIONS = DEBUG;
				SWIFT_OPTIMIZATION_LEVEL = "-Onone";
			};
			name = Debug;
		};
		398741AB2A00F6410055F4DD /* Release */ = {
			isa = XCBuildConfiguration;
			buildSettings = {
				ALWAYS_SEARCH_USER_PATHS = NO;
				CLANG_ANALYZER_NONNULL = YES;
				CLANG_ANALYZER_NUMBER_OBJECT_CONVERSION = YES_AGGRESSIVE;
				CLANG_CXX_LANGUAGE_STANDARD = "gnu++20";
				CLANG_ENABLE_MODULES = YES;
				CLANG_ENABLE_OBJC_ARC = YES;
				CLANG_ENABLE_OBJC_WEAK = YES;
				CLANG_WARN_BLOCK_CAPTURE_AUTORELEASING = YES;
				CLANG_WARN_BOOL_CONVERSION = YES;
				CLANG_WARN_COMMA = YES;
				CLANG_WARN_CONSTANT_CONVERSION = YES;
				CLANG_WARN_DEPRECATED_OBJC_IMPLEMENTATIONS = YES;
				CLANG_WARN_DIRECT_OBJC_ISA_USAGE = YES_ERROR;
				CLANG_WARN_DOCUMENTATION_COMMENTS = YES;
				CLANG_WARN_EMPTY_BODY = YES;
				CLANG_WARN_ENUM_CONVERSION = YES;
				CLANG_WARN_INFINITE_RECURSION = YES;
				CLANG_WARN_INT_CONVERSION = YES;
				CLANG_WARN_NON_LITERAL_NULL_CONVERSION = YES;
				CLANG_WARN_OBJC_IMPLICIT_RETAIN_SELF = YES;
				CLANG_WARN_OBJC_LITERAL_CONVERSION = YES;
				CLANG_WARN_OBJC_ROOT_CLASS = YES_ERROR;
				CLANG_WARN_QUOTED_INCLUDE_IN_FRAMEWORK_HEADER = YES;
				CLANG_WARN_RANGE_LOOP_ANALYSIS = YES;
				CLANG_WARN_STRICT_PROTOTYPES = YES;
				CLANG_WARN_SUSPICIOUS_MOVE = YES;
				CLANG_WARN_UNGUARDED_AVAILABILITY = YES_AGGRESSIVE;
				CLANG_WARN_UNREACHABLE_CODE = YES;
				CLANG_WARN__DUPLICATE_METHOD_MATCH = YES;
				COPY_PHASE_STRIP = NO;
				DEBUG_INFORMATION_FORMAT = "dwarf-with-dsym";
				ENABLE_NS_ASSERTIONS = NO;
				ENABLE_STRICT_OBJC_MSGSEND = YES;
				GCC_C_LANGUAGE_STANDARD = gnu11;
				GCC_NO_COMMON_BLOCKS = YES;
				GCC_WARN_64_TO_32_BIT_CONVERSION = YES;
				GCC_WARN_ABOUT_RETURN_TYPE = YES_ERROR;
				GCC_WARN_UNDECLARED_SELECTOR = YES;
				GCC_WARN_UNINITIALIZED_AUTOS = YES_AGGRESSIVE;
				GCC_WARN_UNUSED_FUNCTION = YES;
				GCC_WARN_UNUSED_VARIABLE = YES;
				IPHONEOS_DEPLOYMENT_TARGET = 16.4;
				MTL_ENABLE_DEBUG_INFO = NO;
				MTL_FAST_MATH = YES;
				SDKROOT = iphoneos;
				SWIFT_COMPILATION_MODE = wholemodule;
				SWIFT_OPTIMIZATION_LEVEL = "-O";
				VALIDATE_PRODUCT = YES;
			};
			name = Release;
		};
		398741AD2A00F6410055F4DD /* Debug */ = {
			isa = XCBuildConfiguration;
			buildSettings = {
				ASSETCATALOG_COMPILER_APPICON_NAME = AppIcon;
				ASSETCATALOG_COMPILER_GLOBAL_ACCENT_COLOR_NAME = AccentColor;
				CODE_SIGN_STYLE = Automatic;
				CURRENT_PROJECT_VERSION = 1;
				DEVELOPMENT_ASSET_PATHS = "\"Landmarks/Preview Content\"";
				ENABLE_PREVIEWS = YES;
				GENERATE_INFOPLIST_FILE = YES;
				INFOPLIST_KEY_UIApplicationSceneManifest_Generation = YES;
				INFOPLIST_KEY_UIApplicationSupportsIndirectInputEvents = YES;
				INFOPLIST_KEY_UILaunchScreen_Generation = YES;
				INFOPLIST_KEY_UISupportedInterfaceOrientations_iPad = "UIInterfaceOrientationPortrait UIInterfaceOrientationPortraitUpsideDown UIInterfaceOrientationLandscapeLeft UIInterfaceOrientationLandscapeRight";
				INFOPLIST_KEY_UISupportedInterfaceOrientations_iPhone = "UIInterfaceOrientationPortrait UIInterfaceOrientationLandscapeLeft UIInterfaceOrientationLandscapeRight";
				LD_RUNPATH_SEARCH_PATHS = (
					"$(inherited)",
					"@executable_path/Frameworks",
				);
				MARKETING_VERSION = 1.0;
				PRODUCT_BUNDLE_IDENTIFIER = com.yj.Landmarks;
				PRODUCT_NAME = "$(TARGET_NAME)";
				SWIFT_EMIT_LOC_STRINGS = YES;
				SWIFT_VERSION = 5.0;
				TARGETED_DEVICE_FAMILY = "1,2";
			};
			name = Debug;
		};
		398741AE2A00F6410055F4DD /* Release */ = {
			isa = XCBuildConfiguration;
			buildSettings = {
				ASSETCATALOG_COMPILER_APPICON_NAME = AppIcon;
				ASSETCATALOG_COMPILER_GLOBAL_ACCENT_COLOR_NAME = AccentColor;
				CODE_SIGN_STYLE = Automatic;
				CURRENT_PROJECT_VERSION = 1;
				DEVELOPMENT_ASSET_PATHS = "\"Landmarks/Preview Content\"";
				ENABLE_PREVIEWS = YES;
				GENERATE_INFOPLIST_FILE = YES;
				INFOPLIST_KEY_UIApplicationSceneManifest_Generation = YES;
				INFOPLIST_KEY_UIApplicationSupportsIndirectInputEvents = YES;
				INFOPLIST_KEY_UILaunchScreen_Generation = YES;
				INFOPLIST_KEY_UISupportedInterfaceOrientations_iPad = "UIInterfaceOrientationPortrait UIInterfaceOrientationPortraitUpsideDown UIInterfaceOrientationLandscapeLeft UIInterfaceOrientationLandscapeRight";
				INFOPLIST_KEY_UISupportedInterfaceOrientations_iPhone = "UIInterfaceOrientationPortrait UIInterfaceOrientationLandscapeLeft UIInterfaceOrientationLandscapeRight";
				LD_RUNPATH_SEARCH_PATHS = (
					"$(inherited)",
					"@executable_path/Frameworks",
				);
				MARKETING_VERSION = 1.0;
				PRODUCT_BUNDLE_IDENTIFIER = com.yj.Landmarks;
				PRODUCT_NAME = "$(TARGET_NAME)";
				SWIFT_EMIT_LOC_STRINGS = YES;
				SWIFT_VERSION = 5.0;
				TARGETED_DEVICE_FAMILY = "1,2";
			};
			name = Release;
		};
		398741B02A00F6410055F4DD /* Debug */ = {
			isa = XCBuildConfiguration;
			buildSettings = {
				ALWAYS_EMBED_SWIFT_STANDARD_LIBRARIES = YES;
				BUNDLE_LOADER = "$(TEST_HOST)";
				CODE_SIGN_STYLE = Automatic;
				CURRENT_PROJECT_VERSION = 1;
				GENERATE_INFOPLIST_FILE = YES;
				IPHONEOS_DEPLOYMENT_TARGET = 16.4;
				MARKETING_VERSION = 1.0;
				PRODUCT_BUNDLE_IDENTIFIER = com.yj.LandmarksTests;
				PRODUCT_NAME = "$(TARGET_NAME)";
				SWIFT_EMIT_LOC_STRINGS = NO;
				SWIFT_VERSION = 5.0;
				TARGETED_DEVICE_FAMILY = "1,2";
				TEST_HOST = "$(BUILT_PRODUCTS_DIR)/Landmarks.app/$(BUNDLE_EXECUTABLE_FOLDER_PATH)/Landmarks";
			};
			name = Debug;
		};
		398741B12A00F6410055F4DD /* Release */ = {
			isa = XCBuildConfiguration;
			buildSettings = {
				ALWAYS_EMBED_SWIFT_STANDARD_LIBRARIES = YES;
				BUNDLE_LOADER = "$(TEST_HOST)";
				CODE_SIGN_STYLE = Automatic;
				CURRENT_PROJECT_VERSION = 1;
				GENERATE_INFOPLIST_FILE = YES;
				IPHONEOS_DEPLOYMENT_TARGET = 16.4;
				MARKETING_VERSION = 1.0;
				PRODUCT_BUNDLE_IDENTIFIER = com.yj.LandmarksTests;
				PRODUCT_NAME = "$(TARGET_NAME)";
				SWIFT_EMIT_LOC_STRINGS = NO;
				SWIFT_VERSION = 5.0;
				TARGETED_DEVICE_FAMILY = "1,2";
				TEST_HOST = "$(BUILT_PRODUCTS_DIR)/Landmarks.app/$(BUNDLE_EXECUTABLE_FOLDER_PATH)/Landmarks";
			};
			name = Release;
		};
		398741B32A00F6410055F4DD /* Debug */ = {
			isa = XCBuildConfiguration;
			buildSettings = {
				ALWAYS_EMBED_SWIFT_STANDARD_LIBRARIES = YES;
				CODE_SIGN_STYLE = Automatic;
				CURRENT_PROJECT_VERSION = 1;
				GENERATE_INFOPLIST_FILE = YES;
				MARKETING_VERSION = 1.0;
				PRODUCT_BUNDLE_IDENTIFIER = com.yj.LandmarksUITests;
				PRODUCT_NAME = "$(TARGET_NAME)";
				SWIFT_EMIT_LOC_STRINGS = NO;
				SWIFT_VERSION = 5.0;
				TARGETED_DEVICE_FAMILY = "1,2";
				TEST_TARGET_NAME = Landmarks;
			};
			name = Debug;
		};
		398741B42A00F6410055F4DD /* Release */ = {
			isa = XCBuildConfiguration;
			buildSettings = {
				ALWAYS_EMBED_SWIFT_STANDARD_LIBRARIES = YES;
				CODE_SIGN_STYLE = Automatic;
				CURRENT_PROJECT_VERSION = 1;
				GENERATE_INFOPLIST_FILE = YES;
				MARKETING_VERSION = 1.0;
				PRODUCT_BUNDLE_IDENTIFIER = com.yj.LandmarksUITests;
				PRODUCT_NAME = "$(TARGET_NAME)";
				SWIFT_EMIT_LOC_STRINGS = NO;
				SWIFT_VERSION = 5.0;
				TARGETED_DEVICE_FAMILY = "1,2";
				TEST_TARGET_NAME = Landmarks;
			};
			name = Release;
		};
/* End XCBuildConfiguration section */

/* Begin XCConfigurationList section */
		398741832A00F63F0055F4DD /* Build configuration list for PBXProject "Landmarks" */ = {
			isa = XCConfigurationList;
			buildConfigurations = (
				398741AA2A00F6410055F4DD /* Debug */,
				398741AB2A00F6410055F4DD /* Release */,
			);
			defaultConfigurationIsVisible = 0;
			defaultConfigurationName = Release;
		};
		398741AC2A00F6410055F4DD /* Build configuration list for PBXNativeTarget "Landmarks" */ = {
			isa = XCConfigurationList;
			buildConfigurations = (
				398741AD2A00F6410055F4DD /* Debug */,
				398741AE2A00F6410055F4DD /* Release */,
			);
			defaultConfigurationIsVisible = 0;
			defaultConfigurationName = Release;
		};
		398741AF2A00F6410055F4DD /* Build configuration list for PBXNativeTarget "LandmarksTests" */ = {
			isa = XCConfigurationList;
			buildConfigurations = (
				398741B02A00F6410055F4DD /* Debug */,
				398741B12A00F6410055F4DD /* Release */,
			);
			defaultConfigurationIsVisible = 0;
			defaultConfigurationName = Release;
		};
		398741B22A00F6410055F4DD /* Build configuration list for PBXNativeTarget "LandmarksUITests" */ = {
			isa = XCConfigurationList;
			buildConfigurations = (
				398741B32A00F6410055F4DD /* Debug */,
				398741B42A00F6410055F4DD /* Release */,
			);
			defaultConfigurationIsVisible = 0;
			defaultConfigurationName = Release;
		};
/* End XCConfigurationList section */
	};
	rootObject = 398741802A00F63F0055F4DD /* Project object */;
}
